
Microsoft Visual Studio Solution File, Format Version 12.00
# Visual Studio Express 2012 for Windows Desktop
Project("{FAE04EC0-301F-11D3-BF4B-00C04F79EFBC}") = "csipc", "csipc\csipc.csproj", "{C24FCEDB-21E2-4F13-A5A8-9C02C3AC7822}"
EndProject
Project("{FAE04EC0-301F-11D3-BF4B-00C04F79EFBC}") = "WindowsFormsApplication1", "WindowsFormsApplication1\WindowsFormsApplication1.csproj", "{D8FE0013-81C3-4622-830A-7B5BB056CBD0}"
EndProject
Global
	GlobalSection(SolutionConfigurationPlatforms) = preSolution
		Debug|Any CPU = Debug|Any CPU
		Release|Any CPU = Release|Any CPU
	EndGlobalSection
	GlobalSection(ProjectConfigurationPlatforms) = postSolution
		{C24FCEDB-21E2-4F13-A5A8-9C02C3AC7822}.Debug|Any CPU.ActiveCfg = Debug|Any CPU
		{C24FCEDB-21E2-4F13-A5A8-9C02C3AC7822}.Debug|Any CPU.Build.0 = Debug|Any CPU
		{C24FCEDB-21E2-4F13-A5A8-9C02C3AC7822}.Release|Any CPU.ActiveCfg = Release|Any CPU
		{C24FCEDB-21E2-4F13-A5A8-9C02C3AC7822}.Release|Any CPU.Build.0 = Release|Any CPU
		{D8FE0013-81C3-4622-830A-7B5BB056CBD0}.Debug|Any CPU.ActiveCfg = Debug|Any CPU
		{D8FE0013-81C3-4622-830A-7B5BB056CBD0}.Debug|Any CPU.Build.0 = Debug|Any CPU
		{D8FE0013-81C3-4622-830A-7B5BB056CBD0}.Release|Any CPU.ActiveCfg = Release|Any CPU
		{D8FE0013-81C3-4622-830A-7B5BB056CBD0}.Release|Any CPU.Build.0 = Release|Any CPU
	EndGlobalSection
	GlobalSection(SolutionProperties) = preSolution
		HideSolutionNode = FALSE
	EndGlobalSection
EndGlobal
